
Microsoft Visual Studio Solution File, Format Version 12.00
# Visual Studio Version 16
VisualStudioVersion = 16.0.31729.503
MinimumVisualStudioVersion = 10.0.40219.1
Project("{FAE04EC0-301F-11D3-BF4B-00C04F79EFBC}") = "tehtava8tyontekijapomo", "tehtava8tyontekijapomo\tehtava8tyontekijapomo.csproj", "{D0170263-C8E2-4623-B918-68CFDD677513}"
EndProject
Global
	GlobalSection(SolutionConfigurationPlatforms) = preSolution
		Debug|Any CPU = Debug|Any CPU
		Release|Any CPU = Release|Any CPU
	EndGlobalSection
	GlobalSection(ProjectConfigurationPlatforms) = postSolution
		{D0170263-C8E2-4623-B918-68CFDD677513}.Debug|Any CPU.ActiveCfg = Debug|Any CPU
		{D0170263-C8E2-4623-B918-68CFDD677513}.Debug|Any CPU.Build.0 = Debug|Any CPU
		{D0170263-C8E2-4623-B918-68CFDD677513}.Release|Any CPU.ActiveCfg = Release|Any CPU
		{D0170263-C8E2-4623-B918-68CFDD677513}.Release|Any CPU.Build.0 = Release|Any CPU
	EndGlobalSection
	GlobalSection(SolutionProperties) = preSolution
		HideSolutionNode = FALSE
	EndGlobalSection
	GlobalSection(ExtensibilityGlobals) = postSolution
		SolutionGuid = {BDF42DE5-ACAB-464C-9B60-9EFFAB54CAC7}
	EndGlobalSection
EndGlobal
