
Microsoft Visual Studio Solution File, Format Version 12.00
# Visual Studio Version 17
VisualStudioVersion = 17.0.32112.339
MinimumVisualStudioVersion = 10.0.40219.1
Project("{FAE04EC0-301F-11D3-BF4B-00C04F79EFBC}") = "Radiotehtava9", "Radiotehtava9\Radiotehtava9.csproj", "{1C3C0719-F2CD-45E2-8A69-531233D051DC}"
EndProject
Global
	GlobalSection(SolutionConfigurationPlatforms) = preSolution
		Debug|Any CPU = Debug|Any CPU
		Release|Any CPU = Release|Any CPU
	EndGlobalSection
	GlobalSection(ProjectConfigurationPlatforms) = postSolution
		{1C3C0719-F2CD-45E2-8A69-531233D051DC}.Debug|Any CPU.ActiveCfg = Debug|Any CPU
		{1C3C0719-F2CD-45E2-8A69-531233D051DC}.Debug|Any CPU.Build.0 = Debug|Any CPU
		{1C3C0719-F2CD-45E2-8A69-531233D051DC}.Release|Any CPU.ActiveCfg = Release|Any CPU
		{1C3C0719-F2CD-45E2-8A69-531233D051DC}.Release|Any CPU.Build.0 = Release|Any CPU
	EndGlobalSection
	GlobalSection(SolutionProperties) = preSolution
		HideSolutionNode = FALSE
	EndGlobalSection
	GlobalSection(ExtensibilityGlobals) = postSolution
		SolutionGuid = {253C3B72-ABEE-4398-AEDC-B16CC9653EEE}
	EndGlobalSection
EndGlobal
