
Microsoft Visual Studio Solution File, Format Version 12.00
# Visual Studio Version 17
VisualStudioVersion = 17.0.32112.339
MinimumVisualStudioVersion = 10.0.40219.1
Project("{FAE04EC0-301F-11D3-BF4B-00C04F79EFBC}") = "korttipelisekoita", "korttipelisekoita\korttipelisekoita.csproj", "{D6DFA3BA-C1FA-40B7-A8D8-8E9BF5F24065}"
EndProject
Global
	GlobalSection(SolutionConfigurationPlatforms) = preSolution
		Debug|Any CPU = Debug|Any CPU
		Release|Any CPU = Release|Any CPU
	EndGlobalSection
	GlobalSection(ProjectConfigurationPlatforms) = postSolution
		{D6DFA3BA-C1FA-40B7-A8D8-8E9BF5F24065}.Debug|Any CPU.ActiveCfg = Debug|Any CPU
		{D6DFA3BA-C1FA-40B7-A8D8-8E9BF5F24065}.Debug|Any CPU.Build.0 = Debug|Any CPU
		{D6DFA3BA-C1FA-40B7-A8D8-8E9BF5F24065}.Release|Any CPU.ActiveCfg = Release|Any CPU
		{D6DFA3BA-C1FA-40B7-A8D8-8E9BF5F24065}.Release|Any CPU.Build.0 = Release|Any CPU
	EndGlobalSection
	GlobalSection(SolutionProperties) = preSolution
		HideSolutionNode = FALSE
	EndGlobalSection
	GlobalSection(ExtensibilityGlobals) = postSolution
		SolutionGuid = {CFE05452-B30A-427E-B475-792AF6C376CC}
	EndGlobalSection
EndGlobal
