
Microsoft Visual Studio Solution File, Format Version 12.00
# Visual Studio Version 17
VisualStudioVersion = 17.0.32112.339
MinimumVisualStudioVersion = 10.0.40219.1
Project("{FAE04EC0-301F-11D3-BF4B-00C04F79EFBC}") = "korttipakka2", "korttipakka2\korttipakka2.csproj", "{29B505D0-09B9-4566-A2C9-BDFDD2198957}"
EndProject
Global
	GlobalSection(SolutionConfigurationPlatforms) = preSolution
		Debug|Any CPU = Debug|Any CPU
		Release|Any CPU = Release|Any CPU
	EndGlobalSection
	GlobalSection(ProjectConfigurationPlatforms) = postSolution
		{29B505D0-09B9-4566-A2C9-BDFDD2198957}.Debug|Any CPU.ActiveCfg = Debug|Any CPU
		{29B505D0-09B9-4566-A2C9-BDFDD2198957}.Debug|Any CPU.Build.0 = Debug|Any CPU
		{29B505D0-09B9-4566-A2C9-BDFDD2198957}.Release|Any CPU.ActiveCfg = Release|Any CPU
		{29B505D0-09B9-4566-A2C9-BDFDD2198957}.Release|Any CPU.Build.0 = Release|Any CPU
	EndGlobalSection
	GlobalSection(SolutionProperties) = preSolution
		HideSolutionNode = FALSE
	EndGlobalSection
	GlobalSection(ExtensibilityGlobals) = postSolution
		SolutionGuid = {A1E4FA9A-D942-4F7C-A865-2C96D5F362DA}
	EndGlobalSection
EndGlobal
